// !$*UTF8*$!
{
	archiveVersion = 1;
	classes = {
	};
	objectVersion = 56;
	objects = {

/* Begin PBXBuildFile section */
		98007CB52C566577009B5A1C /* Lottie in Frameworks */ = {isa = PBXBuildFile; productRef = 98007CB42C566577009B5A1C /* Lottie */; };
		98034B4C2C46AA75002FB7B8 /* SeatCell.swift in Sources */ = {isa = PBXBuildFile; fileRef = 98034B4B2C46AA75002FB7B8 /* SeatCell.swift */; };
		980849D72C45505600F5924B /* DateFormatter+Extension.swift in Sources */ = {isa = PBXBuildFile; fileRef = 980849D62C45505600F5924B /* DateFormatter+Extension.swift */; };
		980849D92C4560FD00F5924B /* DateManager.swift in Sources */ = {isa = PBXBuildFile; fileRef = 980849D82C4560FD00F5924B /* DateManager.swift */; };
		980849DC2C457B9E00F5924B /* PrimaryButton.swift in Sources */ = {isa = PBXBuildFile; fileRef = 980849DB2C457B9E00F5924B /* PrimaryButton.swift */; };
		980849DE2C45BC0F00F5924B /* SeatManager.swift in Sources */ = {isa = PBXBuildFile; fileRef = 980849DD2C45BC0F00F5924B /* SeatManager.swift */; };
		980849E12C45BD4F00F5924B /* SeatsViewController.swift in Sources */ = {isa = PBXBuildFile; fileRef = 980849E02C45BD4F00F5924B /* SeatsViewController.swift */; };
		987C6E162C428E9C00816B14 /* TimeSlotCollectionViewCell.swift in Sources */ = {isa = PBXBuildFile; fileRef = 987C6E152C428E9C00816B14 /* TimeSlotCollectionViewCell.swift */; };
		987C6E182C4290E800816B14 /* TimeSlot.swift in Sources */ = {isa = PBXBuildFile; fileRef = 987C6E172C4290E800816B14 /* TimeSlot.swift */; };
		987C6E232C44470E00816B14 /* MovieShowtimeManager.swift in Sources */ = {isa = PBXBuildFile; fileRef = 987C6E222C44470E00816B14 /* MovieShowtimeManager.swift */; };
		9883BA072C414FB6009D8996 /* AppDelegate.swift in Sources */ = {isa = PBXBuildFile; fileRef = 9883BA062C414FB6009D8996 /* AppDelegate.swift */; };
		9883BA092C414FB6009D8996 /* SceneDelegate.swift in Sources */ = {isa = PBXBuildFile; fileRef = 9883BA082C414FB6009D8996 /* SceneDelegate.swift */; };
		9883BA0B2C414FB6009D8996 /* HomeViewController.swift in Sources */ = {isa = PBXBuildFile; fileRef = 9883BA0A2C414FB6009D8996 /* HomeViewController.swift */; };
		9883BA102C414FB8009D8996 /* Assets.xcassets in Resources */ = {isa = PBXBuildFile; fileRef = 9883BA0F2C414FB8009D8996 /* Assets.xcassets */; };
		9883BA132C414FB8009D8996 /* LaunchScreen.storyboard in Resources */ = {isa = PBXBuildFile; fileRef = 9883BA112C414FB8009D8996 /* LaunchScreen.storyboard */; };
		9883BA1C2C4152C8009D8996 /* Color+Extension.swift in Sources */ = {isa = PBXBuildFile; fileRef = 9883BA1B2C4152C8009D8996 /* Color+Extension.swift */; };
		9883BA202C416680009D8996 /* TabBarController.swift in Sources */ = {isa = PBXBuildFile; fileRef = 9883BA1F2C416680009D8996 /* TabBarController.swift */; };
		9883BA252C41673A009D8996 /* FoodViewController.swift in Sources */ = {isa = PBXBuildFile; fileRef = 9883BA242C41673A009D8996 /* FoodViewController.swift */; };
		9883BA282C416CC5009D8996 /* NowInCinemasCollectionViewCell.swift in Sources */ = {isa = PBXBuildFile; fileRef = 9883BA272C416CC5009D8996 /* NowInCinemasCollectionViewCell.swift */; };
		9883BA2B2C417890009D8996 /* Movie.swift in Sources */ = {isa = PBXBuildFile; fileRef = 9883BA2A2C417890009D8996 /* Movie.swift */; };
		9883BA2D2C41790A009D8996 /* HomeViewModel.swift in Sources */ = {isa = PBXBuildFile; fileRef = 9883BA2C2C41790A009D8996 /* HomeViewModel.swift */; };
		9883BA2F2C417929009D8996 /* NetworkManager.swift in Sources */ = {isa = PBXBuildFile; fileRef = 9883BA2E2C417929009D8996 /* NetworkManager.swift */; };
		9883BA312C417A07009D8996 /* MovieDetails.swift in Sources */ = {isa = PBXBuildFile; fileRef = 9883BA302C417A07009D8996 /* MovieDetails.swift */; };
		9883BA362C41AC89009D8996 /* Seat.swift in Sources */ = {isa = PBXBuildFile; fileRef = 9883BA352C41AC89009D8996 /* Seat.swift */; };
		9883BA3B2C41AF31009D8996 /* DateCollectionViewCell.swift in Sources */ = {isa = PBXBuildFile; fileRef = 9883BA3A2C41AF31009D8996 /* DateCollectionViewCell.swift */; };
		9883BA3E2C41BEA6009D8996 /* MovieDetailsViewController.swift in Sources */ = {isa = PBXBuildFile; fileRef = 9883BA3D2C41BEA6009D8996 /* MovieDetailsViewController.swift */; };
		9883BA402C41BECF009D8996 /* MovieDetailsViewModel.swift in Sources */ = {isa = PBXBuildFile; fileRef = 9883BA3F2C41BECF009D8996 /* MovieDetailsViewModel.swift */; };
		98850A312C5250C400B5B453 /* ImageLoader.swift in Sources */ = {isa = PBXBuildFile; fileRef = 98850A302C5250C400B5B453 /* ImageLoader.swift */; };
		98850A3A2C527F5600B5B453 /* CustomTextField.swift in Sources */ = {isa = PBXBuildFile; fileRef = 98850A392C527F5600B5B453 /* CustomTextField.swift */; };
		98850A442C5298C600B5B453 /* AddNewCardViewController.swift in Sources */ = {isa = PBXBuildFile; fileRef = 98850A432C5298C600B5B453 /* AddNewCardViewController.swift */; };
		98850A462C529E0D00B5B453 /* PaymentOptionsViewController.swift in Sources */ = {isa = PBXBuildFile; fileRef = 98850A452C529E0D00B5B453 /* PaymentOptionsViewController.swift */; };
		98850A482C529E2900B5B453 /* PaymentOptionView.swift in Sources */ = {isa = PBXBuildFile; fileRef = 98850A472C529E2900B5B453 /* PaymentOptionView.swift */; };
		98850A4A2C52A9BC00B5B453 /* Card.swift in Sources */ = {isa = PBXBuildFile; fileRef = 98850A492C52A9BC00B5B453 /* Card.swift */; };
		98850A4C2C52A9D500B5B453 /* PaymentManager.swift in Sources */ = {isa = PBXBuildFile; fileRef = 98850A4B2C52A9D500B5B453 /* PaymentManager.swift */; };
		98850A4E2C52BECE00B5B453 /* PaymentOptionsViewModel.swift in Sources */ = {isa = PBXBuildFile; fileRef = 98850A4D2C52BECE00B5B453 /* PaymentOptionsViewModel.swift */; };
		9886BC642C510873000A95BC /* BookingManager.swift in Sources */ = {isa = PBXBuildFile; fileRef = 9886BC632C510873000A95BC /* BookingManager.swift */; };
		9886BC662C510D5B000A95BC /* FoodManager.swift in Sources */ = {isa = PBXBuildFile; fileRef = 9886BC652C510D5B000A95BC /* FoodManager.swift */; };
		9886BC692C511506000A95BC /* OrderViewController.swift in Sources */ = {isa = PBXBuildFile; fileRef = 9886BC682C511506000A95BC /* OrderViewController.swift */; };
		9886BC6B2C511597000A95BC /* OrderViewModel.swift in Sources */ = {isa = PBXBuildFile; fileRef = 9886BC6A2C511597000A95BC /* OrderViewModel.swift */; };
		9886BC6D2C511861000A95BC /* SeatTableViewCell.swift in Sources */ = {isa = PBXBuildFile; fileRef = 9886BC6C2C511861000A95BC /* SeatTableViewCell.swift */; };
		9886BC6F2C511877000A95BC /* SnackTableViewCell.swift in Sources */ = {isa = PBXBuildFile; fileRef = 9886BC6E2C511877000A95BC /* SnackTableViewCell.swift */; };
		988DC1112C4AA859005EE898 /* formatPrice+Extension.swift in Sources */ = {isa = PBXBuildFile; fileRef = 988DC1102C4AA859005EE898 /* formatPrice+Extension.swift */; };
		988DC1132C4AB507005EE898 /* AlertManager.swift in Sources */ = {isa = PBXBuildFile; fileRef = 988DC1122C4AB507005EE898 /* AlertManager.swift */; };
		988DC1152C4BF4C8005EE898 /* ArcView.swift in Sources */ = {isa = PBXBuildFile; fileRef = 988DC1142C4BF4C8005EE898 /* ArcView.swift */; };
		988DC1192C4C14D2005EE898 /* Food.swift in Sources */ = {isa = PBXBuildFile; fileRef = 988DC1182C4C14D2005EE898 /* Food.swift */; };
		988DC11B2C4C1820005EE898 /* FoodItemCell.swift in Sources */ = {isa = PBXBuildFile; fileRef = 988DC11A2C4C1820005EE898 /* FoodItemCell.swift */; };
		988DC11F2C4C406F005EE898 /* FoodViewModel.swift in Sources */ = {isa = PBXBuildFile; fileRef = 988DC11E2C4C406F005EE898 /* FoodViewModel.swift */; };
		98975A522C559B1E00C1DE26 /* AddNewCardViewModel.swift in Sources */ = {isa = PBXBuildFile; fileRef = 98975A512C559B1E00C1DE26 /* AddNewCardViewModel.swift */; };
		98B045102C53FA9600F82A56 /* SeatCollectionViewFlowLayout.swift in Sources */ = {isa = PBXBuildFile; fileRef = 98B0450F2C53FA9600F82A56 /* SeatCollectionViewFlowLayout.swift */; };
		98B045132C53FE3300F82A56 /* SuccessViewController.swift in Sources */ = {isa = PBXBuildFile; fileRef = 98B045122C53FE3300F82A56 /* SuccessViewController.swift */; };
		98B045152C53FF4700F82A56 /* FailureViewController.swift in Sources */ = {isa = PBXBuildFile; fileRef = 98B045142C53FF4700F82A56 /* FailureViewController.swift */; };
		98B045172C5402FA00F82A56 /* TicketViewController.swift in Sources */ = {isa = PBXBuildFile; fileRef = 98B045162C5402FA00F82A56 /* TicketViewController.swift */; };
		98D323AF2C4D255E008DF8CF /* FoodSelectionSheet.swift in Sources */ = {isa = PBXBuildFile; fileRef = 98D323AE2C4D255E008DF8CF /* FoodSelectionSheet.swift */; };
		98D323B22C4D2B8C008DF8CF /* Lottie in Frameworks */ = {isa = PBXBuildFile; productRef = 98D323B12C4D2B8C008DF8CF /* Lottie */; };
		98D323B42C4D2BBD008DF8CF /* LottieView.swift in Sources */ = {isa = PBXBuildFile; fileRef = 98D323B32C4D2BBD008DF8CF /* LottieView.swift */; };
		98D323B62C4D2BFC008DF8CF /* popCorn.json in Resources */ = {isa = PBXBuildFile; fileRef = 98D323B52C4D2BFC008DF8CF /* popCorn.json */; };
		98D323B82C4D31B6008DF8CF /* NavigationManager.swift in Sources */ = {isa = PBXBuildFile; fileRef = 98D323B72C4D31B6008DF8CF /* NavigationManager.swift */; };
		98D323BA2C4D34D3008DF8CF /* SeatsViewModel.swift in Sources */ = {isa = PBXBuildFile; fileRef = 98D323B92C4D34D3008DF8CF /* SeatsViewModel.swift */; };
/* End PBXBuildFile section */

/* Begin PBXFileReference section */
		98034B4B2C46AA75002FB7B8 /* SeatCell.swift */ = {isa = PBXFileReference; lastKnownFileType = sourcecode.swift; path = SeatCell.swift; sourceTree = "<group>"; };
		980849D62C45505600F5924B /* DateFormatter+Extension.swift */ = {isa = PBXFileReference; lastKnownFileType = sourcecode.swift; path = "DateFormatter+Extension.swift"; sourceTree = "<group>"; };
		980849D82C4560FD00F5924B /* DateManager.swift */ = {isa = PBXFileReference; lastKnownFileType = sourcecode.swift; path = DateManager.swift; sourceTree = "<group>"; };
		980849DB2C457B9E00F5924B /* PrimaryButton.swift */ = {isa = PBXFileReference; lastKnownFileType = sourcecode.swift; path = PrimaryButton.swift; sourceTree = "<group>"; };
		980849DD2C45BC0F00F5924B /* SeatManager.swift */ = {isa = PBXFileReference; lastKnownFileType = sourcecode.swift; path = SeatManager.swift; sourceTree = "<group>"; };
		980849E02C45BD4F00F5924B /* SeatsViewController.swift */ = {isa = PBXFileReference; lastKnownFileType = sourcecode.swift; path = SeatsViewController.swift; sourceTree = "<group>"; };
		987C6E152C428E9C00816B14 /* TimeSlotCollectionViewCell.swift */ = {isa = PBXFileReference; lastKnownFileType = sourcecode.swift; path = TimeSlotCollectionViewCell.swift; sourceTree = "<group>"; };
		987C6E172C4290E800816B14 /* TimeSlot.swift */ = {isa = PBXFileReference; lastKnownFileType = sourcecode.swift; path = TimeSlot.swift; sourceTree = "<group>"; };
		987C6E222C44470E00816B14 /* MovieShowtimeManager.swift */ = {isa = PBXFileReference; lastKnownFileType = sourcecode.swift; path = MovieShowtimeManager.swift; sourceTree = "<group>"; };
		9883BA032C414FB6009D8996 /* MovieBookingApplication.app */ = {isa = PBXFileReference; explicitFileType = wrapper.application; includeInIndex = 0; path = MovieBookingApplication.app; sourceTree = BUILT_PRODUCTS_DIR; };
		9883BA062C414FB6009D8996 /* AppDelegate.swift */ = {isa = PBXFileReference; lastKnownFileType = sourcecode.swift; path = AppDelegate.swift; sourceTree = "<group>"; };
		9883BA082C414FB6009D8996 /* SceneDelegate.swift */ = {isa = PBXFileReference; lastKnownFileType = sourcecode.swift; path = SceneDelegate.swift; sourceTree = "<group>"; };
		9883BA0A2C414FB6009D8996 /* HomeViewController.swift */ = {isa = PBXFileReference; lastKnownFileType = sourcecode.swift; path = HomeViewController.swift; sourceTree = "<group>"; };
		9883BA0F2C414FB8009D8996 /* Assets.xcassets */ = {isa = PBXFileReference; lastKnownFileType = folder.assetcatalog; path = Assets.xcassets; sourceTree = "<group>"; };
		9883BA122C414FB8009D8996 /* Base */ = {isa = PBXFileReference; lastKnownFileType = file.storyboard; name = Base; path = Base.lproj/LaunchScreen.storyboard; sourceTree = "<group>"; };
		9883BA142C414FB8009D8996 /* Info.plist */ = {isa = PBXFileReference; lastKnownFileType = text.plist.xml; path = Info.plist; sourceTree = "<group>"; };
		9883BA1B2C4152C8009D8996 /* Color+Extension.swift */ = {isa = PBXFileReference; lastKnownFileType = sourcecode.swift; path = "Color+Extension.swift"; sourceTree = "<group>"; };
		9883BA1F2C416680009D8996 /* TabBarController.swift */ = {isa = PBXFileReference; lastKnownFileType = sourcecode.swift; path = TabBarController.swift; sourceTree = "<group>"; };
		9883BA242C41673A009D8996 /* FoodViewController.swift */ = {isa = PBXFileReference; lastKnownFileType = sourcecode.swift; path = FoodViewController.swift; sourceTree = "<group>"; };
		9883BA272C416CC5009D8996 /* NowInCinemasCollectionViewCell.swift */ = {isa = PBXFileReference; lastKnownFileType = sourcecode.swift; path = NowInCinemasCollectionViewCell.swift; sourceTree = "<group>"; };
		9883BA2A2C417890009D8996 /* Movie.swift */ = {isa = PBXFileReference; lastKnownFileType = sourcecode.swift; path = Movie.swift; sourceTree = "<group>"; };
		9883BA2C2C41790A009D8996 /* HomeViewModel.swift */ = {isa = PBXFileReference; lastKnownFileType = sourcecode.swift; path = HomeViewModel.swift; sourceTree = "<group>"; };
		9883BA2E2C417929009D8996 /* NetworkManager.swift */ = {isa = PBXFileReference; lastKnownFileType = sourcecode.swift; path = NetworkManager.swift; sourceTree = "<group>"; };
		9883BA302C417A07009D8996 /* MovieDetails.swift */ = {isa = PBXFileReference; lastKnownFileType = sourcecode.swift; path = MovieDetails.swift; sourceTree = "<group>"; };
		9883BA352C41AC89009D8996 /* Seat.swift */ = {isa = PBXFileReference; lastKnownFileType = sourcecode.swift; path = Seat.swift; sourceTree = "<group>"; };
		9883BA3A2C41AF31009D8996 /* DateCollectionViewCell.swift */ = {isa = PBXFileReference; lastKnownFileType = sourcecode.swift; path = DateCollectionViewCell.swift; sourceTree = "<group>"; };
		9883BA3D2C41BEA6009D8996 /* MovieDetailsViewController.swift */ = {isa = PBXFileReference; lastKnownFileType = sourcecode.swift; path = MovieDetailsViewController.swift; sourceTree = "<group>"; };
		9883BA3F2C41BECF009D8996 /* MovieDetailsViewModel.swift */ = {isa = PBXFileReference; lastKnownFileType = sourcecode.swift; path = MovieDetailsViewModel.swift; sourceTree = "<group>"; };
		98850A302C5250C400B5B453 /* ImageLoader.swift */ = {isa = PBXFileReference; lastKnownFileType = sourcecode.swift; path = ImageLoader.swift; sourceTree = "<group>"; };
		98850A392C527F5600B5B453 /* CustomTextField.swift */ = {isa = PBXFileReference; lastKnownFileType = sourcecode.swift; name = CustomTextField.swift; path = ../Scenes/Pay/CustomTextField.swift; sourceTree = "<group>"; };
		98850A432C5298C600B5B453 /* AddNewCardViewController.swift */ = {isa = PBXFileReference; lastKnownFileType = sourcecode.swift; path = AddNewCardViewController.swift; sourceTree = "<group>"; };
		98850A452C529E0D00B5B453 /* PaymentOptionsViewController.swift */ = {isa = PBXFileReference; lastKnownFileType = sourcecode.swift; path = PaymentOptionsViewController.swift; sourceTree = "<group>"; };
		98850A472C529E2900B5B453 /* PaymentOptionView.swift */ = {isa = PBXFileReference; lastKnownFileType = sourcecode.swift; path = PaymentOptionView.swift; sourceTree = "<group>"; };
		98850A492C52A9BC00B5B453 /* Card.swift */ = {isa = PBXFileReference; lastKnownFileType = sourcecode.swift; path = Card.swift; sourceTree = "<group>"; };
		98850A4B2C52A9D500B5B453 /* PaymentManager.swift */ = {isa = PBXFileReference; lastKnownFileType = sourcecode.swift; path = PaymentManager.swift; sourceTree = "<group>"; };
		98850A4D2C52BECE00B5B453 /* PaymentOptionsViewModel.swift */ = {isa = PBXFileReference; lastKnownFileType = sourcecode.swift; path = PaymentOptionsViewModel.swift; sourceTree = "<group>"; };
		9886BC632C510873000A95BC /* BookingManager.swift */ = {isa = PBXFileReference; lastKnownFileType = sourcecode.swift; path = BookingManager.swift; sourceTree = "<group>"; };
		9886BC652C510D5B000A95BC /* FoodManager.swift */ = {isa = PBXFileReference; lastKnownFileType = sourcecode.swift; path = FoodManager.swift; sourceTree = "<group>"; };
		9886BC682C511506000A95BC /* OrderViewController.swift */ = {isa = PBXFileReference; lastKnownFileType = sourcecode.swift; path = OrderViewController.swift; sourceTree = "<group>"; };
		9886BC6A2C511597000A95BC /* OrderViewModel.swift */ = {isa = PBXFileReference; lastKnownFileType = sourcecode.swift; path = OrderViewModel.swift; sourceTree = "<group>"; };
		9886BC6C2C511861000A95BC /* SeatTableViewCell.swift */ = {isa = PBXFileReference; lastKnownFileType = sourcecode.swift; path = SeatTableViewCell.swift; sourceTree = "<group>"; };
		9886BC6E2C511877000A95BC /* SnackTableViewCell.swift */ = {isa = PBXFileReference; lastKnownFileType = sourcecode.swift; path = SnackTableViewCell.swift; sourceTree = "<group>"; };
		988DC1102C4AA859005EE898 /* formatPrice+Extension.swift */ = {isa = PBXFileReference; lastKnownFileType = sourcecode.swift; path = "formatPrice+Extension.swift"; sourceTree = "<group>"; };
		988DC1122C4AB507005EE898 /* AlertManager.swift */ = {isa = PBXFileReference; lastKnownFileType = sourcecode.swift; path = AlertManager.swift; sourceTree = "<group>"; };
		988DC1142C4BF4C8005EE898 /* ArcView.swift */ = {isa = PBXFileReference; lastKnownFileType = sourcecode.swift; path = ArcView.swift; sourceTree = "<group>"; };
		988DC1182C4C14D2005EE898 /* Food.swift */ = {isa = PBXFileReference; lastKnownFileType = sourcecode.swift; path = Food.swift; sourceTree = "<group>"; };
		988DC11A2C4C1820005EE898 /* FoodItemCell.swift */ = {isa = PBXFileReference; lastKnownFileType = sourcecode.swift; path = FoodItemCell.swift; sourceTree = "<group>"; };
		988DC11E2C4C406F005EE898 /* FoodViewModel.swift */ = {isa = PBXFileReference; lastKnownFileType = sourcecode.swift; path = FoodViewModel.swift; sourceTree = "<group>"; };
		98975A512C559B1E00C1DE26 /* AddNewCardViewModel.swift */ = {isa = PBXFileReference; lastKnownFileType = sourcecode.swift; path = AddNewCardViewModel.swift; sourceTree = "<group>"; };
		98B0450F2C53FA9600F82A56 /* SeatCollectionViewFlowLayout.swift */ = {isa = PBXFileReference; lastKnownFileType = sourcecode.swift; path = SeatCollectionViewFlowLayout.swift; sourceTree = "<group>"; };
		98B045122C53FE3300F82A56 /* SuccessViewController.swift */ = {isa = PBXFileReference; lastKnownFileType = sourcecode.swift; path = SuccessViewController.swift; sourceTree = "<group>"; };
		98B045142C53FF4700F82A56 /* FailureViewController.swift */ = {isa = PBXFileReference; lastKnownFileType = sourcecode.swift; path = FailureViewController.swift; sourceTree = "<group>"; };
		98B045162C5402FA00F82A56 /* TicketViewController.swift */ = {isa = PBXFileReference; lastKnownFileType = sourcecode.swift; path = TicketViewController.swift; sourceTree = "<group>"; };
		98D323AE2C4D255E008DF8CF /* FoodSelectionSheet.swift */ = {isa = PBXFileReference; lastKnownFileType = sourcecode.swift; path = FoodSelectionSheet.swift; sourceTree = "<group>"; };
		98D323B32C4D2BBD008DF8CF /* LottieView.swift */ = {isa = PBXFileReference; lastKnownFileType = sourcecode.swift; path = LottieView.swift; sourceTree = "<group>"; };
		98D323B52C4D2BFC008DF8CF /* popCorn.json */ = {isa = PBXFileReference; fileEncoding = 4; lastKnownFileType = text.json; path = popCorn.json; sourceTree = "<group>"; };
		98D323B72C4D31B6008DF8CF /* NavigationManager.swift */ = {isa = PBXFileReference; lastKnownFileType = sourcecode.swift; path = NavigationManager.swift; sourceTree = "<group>"; };
		98D323B92C4D34D3008DF8CF /* SeatsViewModel.swift */ = {isa = PBXFileReference; lastKnownFileType = sourcecode.swift; path = SeatsViewModel.swift; sourceTree = "<group>"; };
/* End PBXFileReference section */

/* Begin PBXFrameworksBuildPhase section */
		9883BA002C414FB6009D8996 /* Frameworks */ = {
			isa = PBXFrameworksBuildPhase;
			buildActionMask = 2147483647;
			files = (
				98D323B22C4D2B8C008DF8CF /* Lottie in Frameworks */,
				98007CB52C566577009B5A1C /* Lottie in Frameworks */,
			);
			runOnlyForDeploymentPostprocessing = 0;
		};
/* End PBXFrameworksBuildPhase section */

/* Begin PBXGroup section */
		980849DA2C457B6E00F5924B /* ReusableComponents */ = {
			isa = PBXGroup;
			children = (
				980849DB2C457B9E00F5924B /* PrimaryButton.swift */,
				98D323B32C4D2BBD008DF8CF /* LottieView.swift */,
				988DC1142C4BF4C8005EE898 /* ArcView.swift */,
				98850A392C527F5600B5B453 /* CustomTextField.swift */,
			);
			path = ReusableComponents;
			sourceTree = "<group>";
		};
		980849DF2C45BD3E00F5924B /* Seats */ = {
			isa = PBXGroup;
			children = (
				980849E02C45BD4F00F5924B /* SeatsViewController.swift */,
				98D323B92C4D34D3008DF8CF /* SeatsViewModel.swift */,
				98D323BB2C4D3CF6008DF8CF /* CollectionViewCell */,
			);
			path = Seats;
			sourceTree = "<group>";
		};
		987C6E212C4446F600816B14 /* Managers */ = {
			isa = PBXGroup;
			children = (
				9883BA2E2C417929009D8996 /* NetworkManager.swift */,
				988DC1122C4AB507005EE898 /* AlertManager.swift */,
				980849DD2C45BC0F00F5924B /* SeatManager.swift */,
				987C6E222C44470E00816B14 /* MovieShowtimeManager.swift */,
				980849D82C4560FD00F5924B /* DateManager.swift */,
				98D323B72C4D31B6008DF8CF /* NavigationManager.swift */,
				9886BC632C510873000A95BC /* BookingManager.swift */,
				9886BC652C510D5B000A95BC /* FoodManager.swift */,
				98850A302C5250C400B5B453 /* ImageLoader.swift */,
				98850A4B2C52A9D500B5B453 /* PaymentManager.swift */,
			);
			path = Managers;
			sourceTree = "<group>";
		};
		9883B9FA2C414FB6009D8996 = {
			isa = PBXGroup;
			children = (
				9883BA052C414FB6009D8996 /* MovieBookingApplication */,
				9883BA042C414FB6009D8996 /* Products */,
			);
			sourceTree = "<group>";
		};
		9883BA042C414FB6009D8996 /* Products */ = {
			isa = PBXGroup;
			children = (
				9883BA032C414FB6009D8996 /* MovieBookingApplication.app */,
			);
			name = Products;
			sourceTree = "<group>";
		};
		9883BA052C414FB6009D8996 /* MovieBookingApplication */ = {
			isa = PBXGroup;
			children = (
				9883BA1D2C4165F9009D8996 /* App */,
				9883BA1A2C415286009D8996 /* Extensions */,
				9883BA292C41786E009D8996 /* Models */,
				9883BA1E2C416646009D8996 /* Scenes */,
				987C6E212C4446F600816B14 /* Managers */,
				980849DA2C457B6E00F5924B /* ReusableComponents */,
				98D323B52C4D2BFC008DF8CF /* popCorn.json */,
				9883BA0F2C414FB8009D8996 /* Assets.xcassets */,
				9883BA112C414FB8009D8996 /* LaunchScreen.storyboard */,
				9883BA142C414FB8009D8996 /* Info.plist */,
			);
			path = MovieBookingApplication;
			sourceTree = "<group>";
		};
		9883BA1A2C415286009D8996 /* Extensions */ = {
			isa = PBXGroup;
			children = (
				9883BA1B2C4152C8009D8996 /* Color+Extension.swift */,
				980849D62C45505600F5924B /* DateFormatter+Extension.swift */,
				988DC1102C4AA859005EE898 /* formatPrice+Extension.swift */,
			);
			path = Extensions;
			sourceTree = "<group>";
		};
		9883BA1D2C4165F9009D8996 /* App */ = {
			isa = PBXGroup;
			children = (
				9883BA062C414FB6009D8996 /* AppDelegate.swift */,
				9883BA082C414FB6009D8996 /* SceneDelegate.swift */,
			);
			path = App;
			sourceTree = "<group>";
		};
		9883BA1E2C416646009D8996 /* Scenes */ = {
			isa = PBXGroup;
			children = (
				98850A322C52758500B5B453 /* Pay */,
				9886BC672C5114EF000A95BC /* Order */,
				988DC11C2C4C1910005EE898 /* Food */,
				980849DF2C45BD3E00F5924B /* Seats */,
				9883BA322C41AAD5009D8996 /* Ticket */,
				9883BA212C416700009D8996 /* Home */,
				9883BA3C2C41BE79009D8996 /* Detail */,
				9883BA222C416716009D8996 /* TabBar */,
			);
			path = Scenes;
			sourceTree = "<group>";
		};
		9883BA212C416700009D8996 /* Home */ = {
			isa = PBXGroup;
			children = (
				9883BA262C416C6D009D8996 /* CollectionViewCell */,
				9883BA0A2C414FB6009D8996 /* HomeViewController.swift */,
				9883BA2C2C41790A009D8996 /* HomeViewModel.swift */,
			);
			path = Home;
			sourceTree = "<group>";
		};
		9883BA222C416716009D8996 /* TabBar */ = {
			isa = PBXGroup;
			children = (
				9883BA1F2C416680009D8996 /* TabBarController.swift */,
			);
			path = TabBar;
			sourceTree = "<group>";
		};
		9883BA262C416C6D009D8996 /* CollectionViewCell */ = {
			isa = PBXGroup;
			children = (
				9883BA272C416CC5009D8996 /* NowInCinemasCollectionViewCell.swift */,
			);
			path = CollectionViewCell;
			sourceTree = "<group>";
		};
		9883BA292C41786E009D8996 /* Models */ = {
			isa = PBXGroup;
			children = (
				9883BA2A2C417890009D8996 /* Movie.swift */,
				9883BA302C417A07009D8996 /* MovieDetails.swift */,
				9883BA352C41AC89009D8996 /* Seat.swift */,
				987C6E172C4290E800816B14 /* TimeSlot.swift */,
				988DC1182C4C14D2005EE898 /* Food.swift */,
				98850A492C52A9BC00B5B453 /* Card.swift */,
			);
			path = Models;
			sourceTree = "<group>";
		};
		9883BA322C41AAD5009D8996 /* Ticket */ = {
			isa = PBXGroup;
			children = (
				98B045162C5402FA00F82A56 /* TicketViewController.swift */,
			);
			path = Ticket;
			sourceTree = "<group>";
		};
		9883BA392C41AEC4009D8996 /* CollectionViewCell */ = {
			isa = PBXGroup;
			children = (
				9883BA3A2C41AF31009D8996 /* DateCollectionViewCell.swift */,
				987C6E152C428E9C00816B14 /* TimeSlotCollectionViewCell.swift */,
			);
			path = CollectionViewCell;
			sourceTree = "<group>";
		};
		9883BA3C2C41BE79009D8996 /* Detail */ = {
			isa = PBXGroup;
			children = (
				9883BA392C41AEC4009D8996 /* CollectionViewCell */,
				9883BA3D2C41BEA6009D8996 /* MovieDetailsViewController.swift */,
				9883BA3F2C41BECF009D8996 /* MovieDetailsViewModel.swift */,
			);
			path = Detail;
			sourceTree = "<group>";
		};
		98850A322C52758500B5B453 /* Pay */ = {
			isa = PBXGroup;
			children = (
				98850A4F2C52C27B00B5B453 /* Payment */,
				98850A502C52C28E00B5B453 /* Card */,
			);
			path = Pay;
			sourceTree = "<group>";
		};
		98850A4F2C52C27B00B5B453 /* Payment */ = {
			isa = PBXGroup;
			children = (
				98B045112C53FE2900F82A56 /* SuccessOrFailure */,
				98850A452C529E0D00B5B453 /* PaymentOptionsViewController.swift */,
				98850A4D2C52BECE00B5B453 /* PaymentOptionsViewModel.swift */,
				98850A472C529E2900B5B453 /* PaymentOptionView.swift */,
			);
			path = Payment;
			sourceTree = "<group>";
		};
		98850A502C52C28E00B5B453 /* Card */ = {
			isa = PBXGroup;
			children = (
				98850A432C5298C600B5B453 /* AddNewCardViewController.swift */,
				98975A512C559B1E00C1DE26 /* AddNewCardViewModel.swift */,
			);
			path = Card;
			sourceTree = "<group>";
		};
		9886BC672C5114EF000A95BC /* Order */ = {
			isa = PBXGroup;
			children = (
				9886BC682C511506000A95BC /* OrderViewController.swift */,
				9886BC6A2C511597000A95BC /* OrderViewModel.swift */,
				9886BC702C511BBF000A95BC /* TableViewCell */,
			);
			path = Order;
			sourceTree = "<group>";
		};
		9886BC702C511BBF000A95BC /* TableViewCell */ = {
			isa = PBXGroup;
			children = (
				9886BC6C2C511861000A95BC /* SeatTableViewCell.swift */,
				9886BC6E2C511877000A95BC /* SnackTableViewCell.swift */,
			);
			path = TableViewCell;
			sourceTree = "<group>";
		};
		988DC11C2C4C1910005EE898 /* Food */ = {
			isa = PBXGroup;
			children = (
				9883BA242C41673A009D8996 /* FoodViewController.swift */,
				988DC11E2C4C406F005EE898 /* FoodViewModel.swift */,
				98D323BC2C4D3CFE008DF8CF /* Sheet */,
				988DC11D2C4C192D005EE898 /* TableViewCell */,
			);
			path = Food;
			sourceTree = "<group>";
		};
		988DC11D2C4C192D005EE898 /* TableViewCell */ = {
			isa = PBXGroup;
			children = (
				988DC11A2C4C1820005EE898 /* FoodItemCell.swift */,
			);
			path = TableViewCell;
			sourceTree = "<group>";
		};
		98B045112C53FE2900F82A56 /* SuccessOrFailure */ = {
			isa = PBXGroup;
			children = (
				98B045122C53FE3300F82A56 /* SuccessViewController.swift */,
				98B045142C53FF4700F82A56 /* FailureViewController.swift */,
			);
			path = SuccessOrFailure;
			sourceTree = "<group>";
		};
		98D323BB2C4D3CF6008DF8CF /* CollectionViewCell */ = {
			isa = PBXGroup;
			children = (
				98034B4B2C46AA75002FB7B8 /* SeatCell.swift */,
				98B0450F2C53FA9600F82A56 /* SeatCollectionViewFlowLayout.swift */,
			);
			path = CollectionViewCell;
			sourceTree = "<group>";
		};
		98D323BC2C4D3CFE008DF8CF /* Sheet */ = {
			isa = PBXGroup;
			children = (
				98D323AE2C4D255E008DF8CF /* FoodSelectionSheet.swift */,
			);
			path = Sheet;
			sourceTree = "<group>";
		};
/* End PBXGroup section */

/* Begin PBXNativeTarget section */
		9883BA022C414FB6009D8996 /* MovieBookingApplication */ = {
			isa = PBXNativeTarget;
			buildConfigurationList = 9883BA172C414FB8009D8996 /* Build configuration list for PBXNativeTarget "MovieBookingApplication" */;
			buildPhases = (
				9883B9FF2C414FB6009D8996 /* Sources */,
				9883BA002C414FB6009D8996 /* Frameworks */,
				9883BA012C414FB6009D8996 /* Resources */,
			);
			buildRules = (
			);
			dependencies = (
			);
			name = MovieBookingApplication;
			packageProductDependencies = (
				98D323B12C4D2B8C008DF8CF /* Lottie */,
				98007CB42C566577009B5A1C /* Lottie */,
			);
			productName = MovieBookingApplication;
			productReference = 9883BA032C414FB6009D8996 /* MovieBookingApplication.app */;
			productType = "com.apple.product-type.application";
		};
/* End PBXNativeTarget section */

/* Begin PBXProject section */
		9883B9FB2C414FB6009D8996 /* Project object */ = {
			isa = PBXProject;
			attributes = {
				BuildIndependentTargetsInParallel = 1;
				LastSwiftUpdateCheck = 1500;
				LastUpgradeCheck = 1500;
				TargetAttributes = {
					9883BA022C414FB6009D8996 = {
						CreatedOnToolsVersion = 15.0.1;
					};
				};
			};
			buildConfigurationList = 9883B9FE2C414FB6009D8996 /* Build configuration list for PBXProject "MovieBookingApplication" */;
			compatibilityVersion = "Xcode 14.0";
			developmentRegion = en;
			hasScannedForEncodings = 0;
			knownRegions = (
				en,
				Base,
			);
			mainGroup = 9883B9FA2C414FB6009D8996;
			packageReferences = (
				98D323B02C4D2B8C008DF8CF /* XCRemoteSwiftPackageReference "lottie-ios" */,
			);
			productRefGroup = 9883BA042C414FB6009D8996 /* Products */;
			projectDirPath = "";
			projectRoot = "";
			targets = (
				9883BA022C414FB6009D8996 /* MovieBookingApplication */,
			);
		};
/* End PBXProject section */

/* Begin PBXResourcesBuildPhase section */
		9883BA012C414FB6009D8996 /* Resources */ = {
			isa = PBXResourcesBuildPhase;
			buildActionMask = 2147483647;
			files = (
				98D323B62C4D2BFC008DF8CF /* popCorn.json in Resources */,
				9883BA132C414FB8009D8996 /* LaunchScreen.storyboard in Resources */,
				9883BA102C414FB8009D8996 /* Assets.xcassets in Resources */,
			);
			runOnlyForDeploymentPostprocessing = 0;
		};
/* End PBXResourcesBuildPhase section */

/* Begin PBXSourcesBuildPhase section */
		9883B9FF2C414FB6009D8996 /* Sources */ = {
			isa = PBXSourcesBuildPhase;
			buildActionMask = 2147483647;
			files = (
				98850A4A2C52A9BC00B5B453 /* Card.swift in Sources */,
				980849DE2C45BC0F00F5924B /* SeatManager.swift in Sources */,
				98D323B42C4D2BBD008DF8CF /* LottieView.swift in Sources */,
				9883BA362C41AC89009D8996 /* Seat.swift in Sources */,
				98850A462C529E0D00B5B453 /* PaymentOptionsViewController.swift in Sources */,
				98850A3A2C527F5600B5B453 /* CustomTextField.swift in Sources */,
				9883BA282C416CC5009D8996 /* NowInCinemasCollectionViewCell.swift in Sources */,
				988DC1112C4AA859005EE898 /* formatPrice+Extension.swift in Sources */,
				988DC1152C4BF4C8005EE898 /* ArcView.swift in Sources */,
				987C6E232C44470E00816B14 /* MovieShowtimeManager.swift in Sources */,
				987C6E162C428E9C00816B14 /* TimeSlotCollectionViewCell.swift in Sources */,
				9883BA2D2C41790A009D8996 /* HomeViewModel.swift in Sources */,
				9886BC6F2C511877000A95BC /* SnackTableViewCell.swift in Sources */,
				9886BC6D2C511861000A95BC /* SeatTableViewCell.swift in Sources */,
				988DC1132C4AB507005EE898 /* AlertManager.swift in Sources */,
				9886BC642C510873000A95BC /* BookingManager.swift in Sources */,
				98850A312C5250C400B5B453 /* ImageLoader.swift in Sources */,
				98850A482C529E2900B5B453 /* PaymentOptionView.swift in Sources */,
				98D323B82C4D31B6008DF8CF /* NavigationManager.swift in Sources */,
				9883BA3B2C41AF31009D8996 /* DateCollectionViewCell.swift in Sources */,
				980849D92C4560FD00F5924B /* DateManager.swift in Sources */,
				98034B4C2C46AA75002FB7B8 /* SeatCell.swift in Sources */,
				987C6E182C4290E800816B14 /* TimeSlot.swift in Sources */,
				98850A4C2C52A9D500B5B453 /* PaymentManager.swift in Sources */,
				98B045102C53FA9600F82A56 /* SeatCollectionViewFlowLayout.swift in Sources */,
				9883BA3E2C41BEA6009D8996 /* MovieDetailsViewController.swift in Sources */,
				9883BA2F2C417929009D8996 /* NetworkManager.swift in Sources */,
				9883BA0B2C414FB6009D8996 /* HomeViewController.swift in Sources */,
				98B045172C5402FA00F82A56 /* TicketViewController.swift in Sources */,
				98B045152C53FF4700F82A56 /* FailureViewController.swift in Sources */,
				988DC1192C4C14D2005EE898 /* Food.swift in Sources */,
				980849DC2C457B9E00F5924B /* PrimaryButton.swift in Sources */,
				9883BA402C41BECF009D8996 /* MovieDetailsViewModel.swift in Sources */,
				98975A522C559B1E00C1DE26 /* AddNewCardViewModel.swift in Sources */,
				988DC11F2C4C406F005EE898 /* FoodViewModel.swift in Sources */,
				9883BA072C414FB6009D8996 /* AppDelegate.swift in Sources */,
				98D323BA2C4D34D3008DF8CF /* SeatsViewModel.swift in Sources */,
				98D323AF2C4D255E008DF8CF /* FoodSelectionSheet.swift in Sources */,
				9883BA312C417A07009D8996 /* MovieDetails.swift in Sources */,
				9883BA092C414FB6009D8996 /* SceneDelegate.swift in Sources */,
				9886BC692C511506000A95BC /* OrderViewController.swift in Sources */,
				9883BA202C416680009D8996 /* TabBarController.swift in Sources */,
				980849E12C45BD4F00F5924B /* SeatsViewController.swift in Sources */,
				9883BA252C41673A009D8996 /* FoodViewController.swift in Sources */,
				98850A442C5298C600B5B453 /* AddNewCardViewController.swift in Sources */,
				98B045132C53FE3300F82A56 /* SuccessViewController.swift in Sources */,
				9883BA2B2C417890009D8996 /* Movie.swift in Sources */,
				9886BC662C510D5B000A95BC /* FoodManager.swift in Sources */,
				988DC11B2C4C1820005EE898 /* FoodItemCell.swift in Sources */,
				9886BC6B2C511597000A95BC /* OrderViewModel.swift in Sources */,
				980849D72C45505600F5924B /* DateFormatter+Extension.swift in Sources */,
				98850A4E2C52BECE00B5B453 /* PaymentOptionsViewModel.swift in Sources */,
				9883BA1C2C4152C8009D8996 /* Color+Extension.swift in Sources */,
			);
			runOnlyForDeploymentPostprocessing = 0;
		};
/* End PBXSourcesBuildPhase section */

/* Begin PBXVariantGroup section */
		9883BA112C414FB8009D8996 /* LaunchScreen.storyboard */ = {
			isa = PBXVariantGroup;
			children = (
				9883BA122C414FB8009D8996 /* Base */,
			);
			name = LaunchScreen.storyboard;
			sourceTree = "<group>";
		};
/* End PBXVariantGroup section */

/* Begin XCBuildConfiguration section */
		9883BA152C414FB8009D8996 /* Debug */ = {
			isa = XCBuildConfiguration;
			buildSettings = {
				ALWAYS_SEARCH_USER_PATHS = NO;
				ASSETCATALOG_COMPILER_GENERATE_SWIFT_ASSET_SYMBOL_EXTENSIONS = YES;
				CLANG_ANALYZER_NONNULL = YES;
				CLANG_ANALYZER_NUMBER_OBJECT_CONVERSION = YES_AGGRESSIVE;
				CLANG_CXX_LANGUAGE_STANDARD = "gnu++20";
				CLANG_ENABLE_MODULES = YES;
				CLANG_ENABLE_OBJC_ARC = YES;
				CLANG_ENABLE_OBJC_WEAK = YES;
				CLANG_WARN_BLOCK_CAPTURE_AUTORELEASING = YES;
				CLANG_WARN_BOOL_CONVERSION = YES;
				CLANG_WARN_COMMA = YES;
				CLANG_WARN_CONSTANT_CONVERSION = YES;
				CLANG_WARN_DEPRECATED_OBJC_IMPLEMENTATIONS = YES;
				CLANG_WARN_DIRECT_OBJC_ISA_USAGE = YES_ERROR;
				CLANG_WARN_DOCUMENTATION_COMMENTS = YES;
				CLANG_WARN_EMPTY_BODY = YES;
				CLANG_WARN_ENUM_CONVERSION = YES;
				CLANG_WARN_INFINITE_RECURSION = YES;
				CLANG_WARN_INT_CONVERSION = YES;
				CLANG_WARN_NON_LITERAL_NULL_CONVERSION = YES;
				CLANG_WARN_OBJC_IMPLICIT_RETAIN_SELF = YES;
				CLANG_WARN_OBJC_LITERAL_CONVERSION = YES;
				CLANG_WARN_OBJC_ROOT_CLASS = YES_ERROR;
				CLANG_WARN_QUOTED_INCLUDE_IN_FRAMEWORK_HEADER = YES;
				CLANG_WARN_RANGE_LOOP_ANALYSIS = YES;
				CLANG_WARN_STRICT_PROTOTYPES = YES;
				CLANG_WARN_SUSPICIOUS_MOVE = YES;
				CLANG_WARN_UNGUARDED_AVAILABILITY = YES_AGGRESSIVE;
				CLANG_WARN_UNREACHABLE_CODE = YES;
				CLANG_WARN__DUPLICATE_METHOD_MATCH = YES;
				COPY_PHASE_STRIP = NO;
				DEBUG_INFORMATION_FORMAT = dwarf;
				ENABLE_STRICT_OBJC_MSGSEND = YES;
				ENABLE_TESTABILITY = YES;
				ENABLE_USER_SCRIPT_SANDBOXING = YES;
				GCC_C_LANGUAGE_STANDARD = gnu17;
				GCC_DYNAMIC_NO_PIC = NO;
				GCC_NO_COMMON_BLOCKS = YES;
				GCC_OPTIMIZATION_LEVEL = 0;
				GCC_PREPROCESSOR_DEFINITIONS = (
					"DEBUG=1",
					"$(inherited)",
				);
				GCC_WARN_64_TO_32_BIT_CONVERSION = YES;
				GCC_WARN_ABOUT_RETURN_TYPE = YES_ERROR;
				GCC_WARN_UNDECLARED_SELECTOR = YES;
				GCC_WARN_UNINITIALIZED_AUTOS = YES_AGGRESSIVE;
				GCC_WARN_UNUSED_FUNCTION = YES;
				GCC_WARN_UNUSED_VARIABLE = YES;
				IPHONEOS_DEPLOYMENT_TARGET = 17.0;
				LOCALIZATION_PREFERS_STRING_CATALOGS = YES;
				MTL_ENABLE_DEBUG_INFO = INCLUDE_SOURCE;
				MTL_FAST_MATH = YES;
				ONLY_ACTIVE_ARCH = YES;
				SDKROOT = iphoneos;
				SWIFT_ACTIVE_COMPILATION_CONDITIONS = "DEBUG $(inherited)";
				SWIFT_OPTIMIZATION_LEVEL = "-Onone";
			};
			name = Debug;
		};
		9883BA162C414FB8009D8996 /* Release */ = {
			isa = XCBuildConfiguration;
			buildSettings = {
				ALWAYS_SEARCH_USER_PATHS = NO;
				ASSETCATALOG_COMPILER_GENERATE_SWIFT_ASSET_SYMBOL_EXTENSIONS = YES;
				CLANG_ANALYZER_NONNULL = YES;
				CLANG_ANALYZER_NUMBER_OBJECT_CONVERSION = YES_AGGRESSIVE;
				CLANG_CXX_LANGUAGE_STANDARD = "gnu++20";
				CLANG_ENABLE_MODULES = YES;
				CLANG_ENABLE_OBJC_ARC = YES;
				CLANG_ENABLE_OBJC_WEAK = YES;
				CLANG_WARN_BLOCK_CAPTURE_AUTORELEASING = YES;
				CLANG_WARN_BOOL_CONVERSION = YES;
				CLANG_WARN_COMMA = YES;
				CLANG_WARN_CONSTANT_CONVERSION = YES;
				CLANG_WARN_DEPRECATED_OBJC_IMPLEMENTATIONS = YES;
				CLANG_WARN_DIRECT_OBJC_ISA_USAGE = YES_ERROR;
				CLANG_WARN_DOCUMENTATION_COMMENTS = YES;
				CLANG_WARN_EMPTY_BODY = YES;
				CLANG_WARN_ENUM_CONVERSION = YES;
				CLANG_WARN_INFINITE_RECURSION = YES;
				CLANG_WARN_INT_CONVERSION = YES;
				CLANG_WARN_NON_LITERAL_NULL_CONVERSION = YES;
				CLANG_WARN_OBJC_IMPLICIT_RETAIN_SELF = YES;
				CLANG_WARN_OBJC_LITERAL_CONVERSION = YES;
				CLANG_WARN_OBJC_ROOT_CLASS = YES_ERROR;
				CLANG_WARN_QUOTED_INCLUDE_IN_FRAMEWORK_HEADER = YES;
				CLANG_WARN_RANGE_LOOP_ANALYSIS = YES;
				CLANG_WARN_STRICT_PROTOTYPES = YES;
				CLANG_WARN_SUSPICIOUS_MOVE = YES;
				CLANG_WARN_UNGUARDED_AVAILABILITY = YES_AGGRESSIVE;
				CLANG_WARN_UNREACHABLE_CODE = YES;
				CLANG_WARN__DUPLICATE_METHOD_MATCH = YES;
				COPY_PHASE_STRIP = NO;
				DEBUG_INFORMATION_FORMAT = "dwarf-with-dsym";
				ENABLE_NS_ASSERTIONS = NO;
				ENABLE_STRICT_OBJC_MSGSEND = YES;
				ENABLE_USER_SCRIPT_SANDBOXING = YES;
				GCC_C_LANGUAGE_STANDARD = gnu17;
				GCC_NO_COMMON_BLOCKS = YES;
				GCC_WARN_64_TO_32_BIT_CONVERSION = YES;
				GCC_WARN_ABOUT_RETURN_TYPE = YES_ERROR;
				GCC_WARN_UNDECLARED_SELECTOR = YES;
				GCC_WARN_UNINITIALIZED_AUTOS = YES_AGGRESSIVE;
				GCC_WARN_UNUSED_FUNCTION = YES;
				GCC_WARN_UNUSED_VARIABLE = YES;
				IPHONEOS_DEPLOYMENT_TARGET = 17.0;
				LOCALIZATION_PREFERS_STRING_CATALOGS = YES;
				MTL_ENABLE_DEBUG_INFO = NO;
				MTL_FAST_MATH = YES;
				SDKROOT = iphoneos;
				SWIFT_COMPILATION_MODE = wholemodule;
				VALIDATE_PRODUCT = YES;
			};
			name = Release;
		};
		9883BA182C414FB8009D8996 /* Debug */ = {
			isa = XCBuildConfiguration;
			buildSettings = {
				ASSETCATALOG_COMPILER_APPICON_NAME = AppIcon;
				ASSETCATALOG_COMPILER_GLOBAL_ACCENT_COLOR_NAME = AccentColor;
				CODE_SIGN_STYLE = Automatic;
				CURRENT_PROJECT_VERSION = 1;
				DEVELOPMENT_TEAM = 6YYNTH585K;
				GENERATE_INFOPLIST_FILE = YES;
				INFOPLIST_FILE = MovieBookingApplication/Info.plist;
				INFOPLIST_KEY_UIApplicationSupportsIndirectInputEvents = YES;
				INFOPLIST_KEY_UILaunchStoryboardName = LaunchScreen;
				INFOPLIST_KEY_UISupportedInterfaceOrientations_iPad = "UIInterfaceOrientationPortrait UIInterfaceOrientationPortraitUpsideDown UIInterfaceOrientationLandscapeLeft UIInterfaceOrientationLandscapeRight";
				INFOPLIST_KEY_UISupportedInterfaceOrientations_iPhone = "UIInterfaceOrientationPortrait UIInterfaceOrientationLandscapeLeft UIInterfaceOrientationLandscapeRight";
				LD_RUNPATH_SEARCH_PATHS = (
					"$(inherited)",
					"@executable_path/Frameworks",
				);
				MARKETING_VERSION = 1.0;
				PRODUCT_BUNDLE_IDENTIFIER = ge.academy.objectDetection.MovieBookingApplication;
				PRODUCT_NAME = "$(TARGET_NAME)";
				SWIFT_EMIT_LOC_STRINGS = YES;
				SWIFT_VERSION = 5.0;
				TARGETED_DEVICE_FAMILY = "1,2";
			};
			name = Debug;
		};
		9883BA192C414FB8009D8996 /* Release */ = {
			isa = XCBuildConfiguration;
			buildSettings = {
				ASSETCATALOG_COMPILER_APPICON_NAME = AppIcon;
				ASSETCATALOG_COMPILER_GLOBAL_ACCENT_COLOR_NAME = AccentColor;
				CODE_SIGN_STYLE = Automatic;
				CURRENT_PROJECT_VERSION = 1;
				DEVELOPMENT_TEAM = 6YYNTH585K;
				GENERATE_INFOPLIST_FILE = YES;
				INFOPLIST_FILE = MovieBookingApplication/Info.plist;
				INFOPLIST_KEY_UIApplicationSupportsIndirectInputEvents = YES;
				INFOPLIST_KEY_UILaunchStoryboardName = LaunchScreen;
				INFOPLIST_KEY_UISupportedInterfaceOrientations_iPad = "UIInterfaceOrientationPortrait UIInterfaceOrientationPortraitUpsideDown UIInterfaceOrientationLandscapeLeft UIInterfaceOrientationLandscapeRight";
				INFOPLIST_KEY_UISupportedInterfaceOrientations_iPhone = "UIInterfaceOrientationPortrait UIInterfaceOrientationLandscapeLeft UIInterfaceOrientationLandscapeRight";
				LD_RUNPATH_SEARCH_PATHS = (
					"$(inherited)",
					"@executable_path/Frameworks",
				);
				MARKETING_VERSION = 1.0;
				PRODUCT_BUNDLE_IDENTIFIER = ge.academy.objectDetection.MovieBookingApplication;
				PRODUCT_NAME = "$(TARGET_NAME)";
				SWIFT_EMIT_LOC_STRINGS = YES;
				SWIFT_VERSION = 5.0;
				TARGETED_DEVICE_FAMILY = "1,2";
			};
			name = Release;
		};
/* End XCBuildConfiguration section */

/* Begin XCConfigurationList section */
		9883B9FE2C414FB6009D8996 /* Build configuration list for PBXProject "MovieBookingApplication" */ = {
			isa = XCConfigurationList;
			buildConfigurations = (
				9883BA152C414FB8009D8996 /* Debug */,
				9883BA162C414FB8009D8996 /* Release */,
			);
			defaultConfigurationIsVisible = 0;
			defaultConfigurationName = Release;
		};
		9883BA172C414FB8009D8996 /* Build configuration list for PBXNativeTarget "MovieBookingApplication" */ = {
			isa = XCConfigurationList;
			buildConfigurations = (
				9883BA182C414FB8009D8996 /* Debug */,
				9883BA192C414FB8009D8996 /* Release */,
			);
			defaultConfigurationIsVisible = 0;
			defaultConfigurationName = Release;
		};
/* End XCConfigurationList section */

/* Begin XCRemoteSwiftPackageReference section */
		98D323B02C4D2B8C008DF8CF /* XCRemoteSwiftPackageReference "lottie-ios" */ = {
			isa = XCRemoteSwiftPackageReference;
			repositoryURL = "https://github.com/airbnb/lottie-ios.git";
			requirement = {
				kind = upToNextMajorVersion;
				minimumVersion = 4.5.0;
			};
		};
/* End XCRemoteSwiftPackageReference section */

/* Begin XCSwiftPackageProductDependency section */
		98007CB42C566577009B5A1C /* Lottie */ = {
			isa = XCSwiftPackageProductDependency;
			package = 98D323B02C4D2B8C008DF8CF /* XCRemoteSwiftPackageReference "lottie-ios" */;
			productName = Lottie;
		};
		98D323B12C4D2B8C008DF8CF /* Lottie */ = {
			isa = XCSwiftPackageProductDependency;
			package = 98D323B02C4D2B8C008DF8CF /* XCRemoteSwiftPackageReference "lottie-ios" */;
			productName = Lottie;
		};
/* End XCSwiftPackageProductDependency section */
	};
	rootObject = 9883B9FB2C414FB6009D8996 /* Project object */;
}
